
Microsoft Visual Studio Solution File, Format Version 12.00
# Visual Studio Version 17
VisualStudioVersion = 17.6.33829.357
MinimumVisualStudioVersion = 10.0.40219.1
Project("{9A19103F-16F7-4668-BE54-9A1E7A4F7556}") = "Whatsapp.VonageAPI", "Whatsapp.VonageAPI\Whatsapp.VonageAPI.csproj", "{7D44F092-A4AA-441B-A007-43FD905BE1B5}"
EndProject
Project("{9A19103F-16F7-4668-BE54-9A1E7A4F7556}") = "Domain", "Domain\Domain.csproj", "{9F7E9603-134A-43B8-9B6C-FC45C9D7A1EE}"
EndProject
Project("{9A19103F-16F7-4668-BE54-9A1E7A4F7556}") = "Application", "Application\Application.csproj", "{C8F6CCD3-7F41-4CFC-9A34-6A3081D9F25C}"
EndProject
Project("{FAE04EC0-301F-11D3-BF4B-00C04F79EFBC}") = "Repository", "Repository\Repository.csproj", "{4256035F-F3A3-4BA4-98A8-E928604159AB}"
EndProject
Global
	GlobalSection(SolutionConfigurationPlatforms) = preSolution
		Debug|Any CPU = Debug|Any CPU
		Release|Any CPU = Release|Any CPU
	EndGlobalSection
	GlobalSection(ProjectConfigurationPlatforms) = postSolution
		{7D44F092-A4AA-441B-A007-43FD905BE1B5}.Debug|Any CPU.ActiveCfg = Debug|Any CPU
		{7D44F092-A4AA-441B-A007-43FD905BE1B5}.Debug|Any CPU.Build.0 = Debug|Any CPU
		{7D44F092-A4AA-441B-A007-43FD905BE1B5}.Release|Any CPU.ActiveCfg = Release|Any CPU
		{7D44F092-A4AA-441B-A007-43FD905BE1B5}.Release|Any CPU.Build.0 = Release|Any CPU
		{9F7E9603-134A-43B8-9B6C-FC45C9D7A1EE}.Debug|Any CPU.ActiveCfg = Debug|Any CPU
		{9F7E9603-134A-43B8-9B6C-FC45C9D7A1EE}.Debug|Any CPU.Build.0 = Debug|Any CPU
		{9F7E9603-134A-43B8-9B6C-FC45C9D7A1EE}.Release|Any CPU.ActiveCfg = Release|Any CPU
		{9F7E9603-134A-43B8-9B6C-FC45C9D7A1EE}.Release|Any CPU.Build.0 = Release|Any CPU
		{C8F6CCD3-7F41-4CFC-9A34-6A3081D9F25C}.Debug|Any CPU.ActiveCfg = Debug|Any CPU
		{C8F6CCD3-7F41-4CFC-9A34-6A3081D9F25C}.Debug|Any CPU.Build.0 = Debug|Any CPU
		{C8F6CCD3-7F41-4CFC-9A34-6A3081D9F25C}.Release|Any CPU.ActiveCfg = Release|Any CPU
		{C8F6CCD3-7F41-4CFC-9A34-6A3081D9F25C}.Release|Any CPU.Build.0 = Release|Any CPU
		{4256035F-F3A3-4BA4-98A8-E928604159AB}.Debug|Any CPU.ActiveCfg = Debug|Any CPU
		{4256035F-F3A3-4BA4-98A8-E928604159AB}.Debug|Any CPU.Build.0 = Debug|Any CPU
		{4256035F-F3A3-4BA4-98A8-E928604159AB}.Release|Any CPU.ActiveCfg = Release|Any CPU
		{4256035F-F3A3-4BA4-98A8-E928604159AB}.Release|Any CPU.Build.0 = Release|Any CPU
	EndGlobalSection
	GlobalSection(SolutionProperties) = preSolution
		HideSolutionNode = FALSE
	EndGlobalSection
	GlobalSection(ExtensibilityGlobals) = postSolution
		SolutionGuid = {E584AE72-B29F-47CB-A753-652F6B93DCEE}
	EndGlobalSection
EndGlobal
